{
  "version": 4,
  "terraform_version": "1.14.5",
  "serial": 1,
  "lineage": "d0842953-fe3d-7567-3b7d-29ff65910c8f",
  "outputs": {},
  "resources": [
    {
      "mode": "managed",
      "type": "local_file",
      "name": "my_file",
      "provider": "provider[\"registry.terraform.io/hashicorp/local\"]",
      "instances": [
        {
          "schema_version": 0,
          "attributes": {
            "content": "hello buddy",
            "content_base64": null,
            "content_base64sha256": "FTeo1obssFusTltw5xLJazRdk1s9mwurfpfDJDSfSH4=",
            "content_base64sha512": "4Gr+6OlQrk5lqsndZV1p8EbIW6ymRc7XfY5G418z4fKvL02Pcw/KpQDBd7DR3VmSJDjqlHjdO4xMOW213cLWvQ==",
            "content_md5": "0285656427b422f8c460266a999348f9",
            "content_sha1": "338d239ab0aa69837d3fa94e2c4c388b9f798911",
            "content_sha256": "1537a8d686ecb05bac4e5b70e712c96b345d935b3d9b0bab7e97c324349f487e",
            "content_sha512": "e06afee8e950ae4e65aac9dd655d69f046c85baca645ced77d8e46e35f33e1f2af2f4d8f730fcaa500c177b0d1dd59922438ea9478dd3b8c4c396db5ddc2d6bd",
            "directory_permission": "0777",
            "file_permission": "0777",
            "filename": "automate.txt",
            "id": "338d239ab0aa69837d3fa94e2c4c388b9f798911",
            "sensitive_content": null,
            "source": null
          },
          "sensitive_attributes": [
            [
              {
                "type": "get_attr",
                "value": "sensitive_content"
              }
            ]
          ],
          "identity_schema_version": 0
        }
      ]
    }
  ],
  "check_results": null
}
